
Microsoft Visual Studio Solution File, Format Version 12.00
# Visual Studio Version 17
VisualStudioVersion = 17.14.36414.22 d17.14
MinimumVisualStudioVersion = 10.0.40219.1
Project("{FAE04EC0-301F-11D3-BF4B-00C04F79EFBC}") = "Rpm_Lab13", "Rpm_Lab13\Rpm_Lab13.csproj", "{BA431A42-C9CA-4D53-A8CB-A4559FD2CE7A}"
EndProject
Global
	GlobalSection(SolutionConfigurationPlatforms) = preSolution
		Debug|Any CPU = Debug|Any CPU
		Release|Any CPU = Release|Any CPU
	EndGlobalSection
	GlobalSection(ProjectConfigurationPlatforms) = postSolution
		{BA431A42-C9CA-4D53-A8CB-A4559FD2CE7A}.Debug|Any CPU.ActiveCfg = Debug|Any CPU
		{BA431A42-C9CA-4D53-A8CB-A4559FD2CE7A}.Debug|Any CPU.Build.0 = Debug|Any CPU
		{BA431A42-C9CA-4D53-A8CB-A4559FD2CE7A}.Release|Any CPU.ActiveCfg = Release|Any CPU
		{BA431A42-C9CA-4D53-A8CB-A4559FD2CE7A}.Release|Any CPU.Build.0 = Release|Any CPU
	EndGlobalSection
	GlobalSection(SolutionProperties) = preSolution
		HideSolutionNode = FALSE
	EndGlobalSection
	GlobalSection(ExtensibilityGlobals) = postSolution
		SolutionGuid = {A6562EF3-8B84-4D62-9BF7-D74A7404E15B}
	EndGlobalSection
EndGlobal
